
Microsoft Visual Studio Solution File, Format Version 12.00
# Visual Studio Version 17
VisualStudioVersion = 17.9.34701.34
MinimumVisualStudioVersion = 10.0.40219.1
Project("{FAE04EC0-301F-11D3-BF4B-00C04F79EFBC}") = "StringHandling12B24", "StringHandling12B24\StringHandling12B24.csproj", "{B2A9ED6A-ADD7-4DE5-AE4F-A6F5AA18C5BD}"
EndProject
Global
	GlobalSection(SolutionConfigurationPlatforms) = preSolution
		Debug|Any CPU = Debug|Any CPU
		Release|Any CPU = Release|Any CPU
	EndGlobalSection
	GlobalSection(ProjectConfigurationPlatforms) = postSolution
		{B2A9ED6A-ADD7-4DE5-AE4F-A6F5AA18C5BD}.Debug|Any CPU.ActiveCfg = Debug|Any CPU
		{B2A9ED6A-ADD7-4DE5-AE4F-A6F5AA18C5BD}.Debug|Any CPU.Build.0 = Debug|Any CPU
		{B2A9ED6A-ADD7-4DE5-AE4F-A6F5AA18C5BD}.Release|Any CPU.ActiveCfg = Release|Any CPU
		{B2A9ED6A-ADD7-4DE5-AE4F-A6F5AA18C5BD}.Release|Any CPU.Build.0 = Release|Any CPU
	EndGlobalSection
	GlobalSection(SolutionProperties) = preSolution
		HideSolutionNode = FALSE
	EndGlobalSection
	GlobalSection(ExtensibilityGlobals) = postSolution
		SolutionGuid = {F4BAF008-C812-4006-BA4A-E98B81681BCA}
	EndGlobalSection
EndGlobal
